
Microsoft Visual Studio Solution File, Format Version 12.00
# Visual Studio 2013
VisualStudioVersion = 12.0.40629.0
MinimumVisualStudioVersion = 10.0.40219.1
Project("{FAE04EC0-301F-11D3-BF4B-00C04F79EFBC}") = "EdmxToPOCOGen", "EdmxToPOCOGen\EdmxToPOCOGen.csproj", "{7E92C92C-A2EA-414F-A4A0-599568A32651}"
EndProject
Project("{FAE04EC0-301F-11D3-BF4B-00C04F79EFBC}") = "CentralRepository", "CentralRepository\CentralRepository.csproj", "{FCA113AF-3553-4412-8E87-FD56EACA34A4}"
EndProject
Project("{FAE04EC0-301F-11D3-BF4B-00C04F79EFBC}") = "CondoRepository", "CondoRepository\CondoRepository.csproj", "{41058D10-8F11-4FC9-A161-2CC45156DFCD}"
EndProject
Project("{FAE04EC0-301F-11D3-BF4B-00C04F79EFBC}") = "WebAPIwithHelp", "APITest\WebAPIwithHelp\WebAPIwithHelp.csproj", "{5E0181E2-1981-4030-9C41-5CE0D7180612}"
EndProject
Project("{FAE04EC0-301F-11D3-BF4B-00C04F79EFBC}") = "Repositories", "APITest\Repositories\Repositories.csproj", "{61DDE809-0A7B-47F5-BD9E-E3F85FB9605F}"
EndProject
Project("{2150E333-8FDC-42A3-9474-1A3956D46DE8}") = "Solution Items", "Solution Items", "{C5E2CBBC-584D-4D48-AEC7-B4AA22E65A28}"
	ProjectSection(SolutionItems) = preProject
		Output\CentralDigitalCondoEntities.Context.cs = Output\CentralDigitalCondoEntities.Context.cs
	EndProjectSection
EndProject
Global
	GlobalSection(SolutionConfigurationPlatforms) = preSolution
		Debug|Any CPU = Debug|Any CPU
		Release|Any CPU = Release|Any CPU
	EndGlobalSection
	GlobalSection(ProjectConfigurationPlatforms) = postSolution
		{7E92C92C-A2EA-414F-A4A0-599568A32651}.Debug|Any CPU.ActiveCfg = Debug|Any CPU
		{7E92C92C-A2EA-414F-A4A0-599568A32651}.Debug|Any CPU.Build.0 = Debug|Any CPU
		{7E92C92C-A2EA-414F-A4A0-599568A32651}.Release|Any CPU.ActiveCfg = Release|Any CPU
		{7E92C92C-A2EA-414F-A4A0-599568A32651}.Release|Any CPU.Build.0 = Release|Any CPU
		{FCA113AF-3553-4412-8E87-FD56EACA34A4}.Debug|Any CPU.ActiveCfg = Debug|Any CPU
		{FCA113AF-3553-4412-8E87-FD56EACA34A4}.Debug|Any CPU.Build.0 = Debug|Any CPU
		{FCA113AF-3553-4412-8E87-FD56EACA34A4}.Release|Any CPU.ActiveCfg = Release|Any CPU
		{FCA113AF-3553-4412-8E87-FD56EACA34A4}.Release|Any CPU.Build.0 = Release|Any CPU
		{41058D10-8F11-4FC9-A161-2CC45156DFCD}.Debug|Any CPU.ActiveCfg = Debug|Any CPU
		{41058D10-8F11-4FC9-A161-2CC45156DFCD}.Debug|Any CPU.Build.0 = Debug|Any CPU
		{41058D10-8F11-4FC9-A161-2CC45156DFCD}.Release|Any CPU.ActiveCfg = Release|Any CPU
		{41058D10-8F11-4FC9-A161-2CC45156DFCD}.Release|Any CPU.Build.0 = Release|Any CPU
		{5E0181E2-1981-4030-9C41-5CE0D7180612}.Debug|Any CPU.ActiveCfg = Debug|Any CPU
		{5E0181E2-1981-4030-9C41-5CE0D7180612}.Debug|Any CPU.Build.0 = Debug|Any CPU
		{5E0181E2-1981-4030-9C41-5CE0D7180612}.Release|Any CPU.ActiveCfg = Release|Any CPU
		{5E0181E2-1981-4030-9C41-5CE0D7180612}.Release|Any CPU.Build.0 = Release|Any CPU
		{61DDE809-0A7B-47F5-BD9E-E3F85FB9605F}.Debug|Any CPU.ActiveCfg = Debug|Any CPU
		{61DDE809-0A7B-47F5-BD9E-E3F85FB9605F}.Debug|Any CPU.Build.0 = Debug|Any CPU
		{61DDE809-0A7B-47F5-BD9E-E3F85FB9605F}.Release|Any CPU.ActiveCfg = Release|Any CPU
		{61DDE809-0A7B-47F5-BD9E-E3F85FB9605F}.Release|Any CPU.Build.0 = Release|Any CPU
	EndGlobalSection
	GlobalSection(SolutionProperties) = preSolution
		HideSolutionNode = FALSE
	EndGlobalSection
EndGlobal
